// !$*UTF8*$!
{
	archiveVersion = 1;
	classes = {
	};
	objectVersion = 56;
	objects = {

/* Begin PBXBuildFile section */
		6B2C66092BCA5E11004DFB9A /* CalendarViewController.swift in Sources */ = {isa = PBXBuildFile; fileRef = 6B2C66082BCA5E11004DFB9A /* CalendarViewController.swift */; };
		6B2C660B2BCA5E2B004DFB9A /* FitListViewController.swift in Sources */ = {isa = PBXBuildFile; fileRef = 6B2C660A2BCA5E2B004DFB9A /* FitListViewController.swift */; };
		6B2C660D2BCA5E3C004DFB9A /* SettingsViewController.swift in Sources */ = {isa = PBXBuildFile; fileRef = 6B2C660C2BCA5E3C004DFB9A /* SettingsViewController.swift */; };
		6B2C66132BCA716E004DFB9A /* UITableView+Ext.swift in Sources */ = {isa = PBXBuildFile; fileRef = 6B2C66122BCA716E004DFB9A /* UITableView+Ext.swift */; };
		6B2C66152BCA7175004DFB9A /* UITableViewCell+Ext.swift in Sources */ = {isa = PBXBuildFile; fileRef = 6B2C66142BCA7175004DFB9A /* UITableViewCell+Ext.swift */; };
		6B2C66172BCA72F9004DFB9A /* FitRecordCollectionViewCell.swift in Sources */ = {isa = PBXBuildFile; fileRef = 6B2C66162BCA72F9004DFB9A /* FitRecordCollectionViewCell.swift */; };
		6B93EDF32BCAA7C6005AE9EF /* UICollectionView+Ext.swift in Sources */ = {isa = PBXBuildFile; fileRef = 6B93EDF22BCAA7C6005AE9EF /* UICollectionView+Ext.swift */; };
		6B93EDF52BCAA7CE005AE9EF /* UICollectionViewCell+Ext.swift in Sources */ = {isa = PBXBuildFile; fileRef = 6B93EDF42BCAA7CE005AE9EF /* UICollectionViewCell+Ext.swift */; };
		6B93EDF72BCAB0D0005AE9EF /* AddFitRecordViewController.swift in Sources */ = {isa = PBXBuildFile; fileRef = 6B93EDF62BCAB0D0005AE9EF /* AddFitRecordViewController.swift */; };
		6B93EDF92BCB3EC9005AE9EF /* UIColor+Ext.swift in Sources */ = {isa = PBXBuildFile; fileRef = 6B93EDF82BCB3EC9005AE9EF /* UIColor+Ext.swift */; };
		6B93EDFF2BCB5265005AE9EF /* UIViewController+showAlert.swift in Sources */ = {isa = PBXBuildFile; fileRef = 6B93EDFE2BCB5265005AE9EF /* UIViewController+showAlert.swift */; };
		6B93EE022BCB5395005AE9EF /* CoreDataModel.xcdatamodeld in Sources */ = {isa = PBXBuildFile; fileRef = 6B93EE002BCB5395005AE9EF /* CoreDataModel.xcdatamodeld */; };
		6B93EE052BCB53FE005AE9EF /* FitnessLogEntity.swift in Sources */ = {isa = PBXBuildFile; fileRef = 6B93EE032BCB53FE005AE9EF /* FitnessLogEntity.swift */; };
		6BFDDF512BCA5668001CA40E /* AppDelegate.swift in Sources */ = {isa = PBXBuildFile; fileRef = 6BFDDF502BCA5668001CA40E /* AppDelegate.swift */; };
		6BFDDF532BCA5668001CA40E /* SceneDelegate.swift in Sources */ = {isa = PBXBuildFile; fileRef = 6BFDDF522BCA5668001CA40E /* SceneDelegate.swift */; };
		6BFDDF552BCA5668001CA40E /* MainTabBarController.swift in Sources */ = {isa = PBXBuildFile; fileRef = 6BFDDF542BCA5668001CA40E /* MainTabBarController.swift */; };
		6BFDDF5A2BCA5669001CA40E /* Assets.xcassets in Resources */ = {isa = PBXBuildFile; fileRef = 6BFDDF592BCA5669001CA40E /* Assets.xcassets */; };
		6BFDDF5D2BCA5669001CA40E /* Base in Resources */ = {isa = PBXBuildFile; fileRef = 6BFDDF5C2BCA5669001CA40E /* Base */; };
		F379926166487E705B355EB7 /* Pods_JTFitCalendar.framework in Frameworks */ = {isa = PBXBuildFile; fileRef = 76303FE6D0CFFBC2D1D715DB /* Pods_JTFitCalendar.framework */; };
/* End PBXBuildFile section */

/* Begin PBXFileReference section */
		08E3056F98F60D8AAF807D5B /* Pods-JTFitCalendar.debug.xcconfig */ = {isa = PBXFileReference; includeInIndex = 1; lastKnownFileType = text.xcconfig; name = "Pods-JTFitCalendar.debug.xcconfig"; path = "Target Support Files/Pods-JTFitCalendar/Pods-JTFitCalendar.debug.xcconfig"; sourceTree = "<group>"; };
		2DCEDE8ABEB45D153C72C6C6 /* Pods-JTFitCalendar.release.xcconfig */ = {isa = PBXFileReference; includeInIndex = 1; lastKnownFileType = text.xcconfig; name = "Pods-JTFitCalendar.release.xcconfig"; path = "Target Support Files/Pods-JTFitCalendar/Pods-JTFitCalendar.release.xcconfig"; sourceTree = "<group>"; };
		6B2C66082BCA5E11004DFB9A /* CalendarViewController.swift */ = {isa = PBXFileReference; lastKnownFileType = sourcecode.swift; path = CalendarViewController.swift; sourceTree = "<group>"; };
		6B2C660A2BCA5E2B004DFB9A /* FitListViewController.swift */ = {isa = PBXFileReference; lastKnownFileType = sourcecode.swift; path = FitListViewController.swift; sourceTree = "<group>"; };
		6B2C660C2BCA5E3C004DFB9A /* SettingsViewController.swift */ = {isa = PBXFileReference; lastKnownFileType = sourcecode.swift; path = SettingsViewController.swift; sourceTree = "<group>"; };
		6B2C660E2BCA65DC004DFB9A /* ko */ = {isa = PBXFileReference; lastKnownFileType = text.plist.strings; name = ko; path = ko.lproj/LaunchScreen.strings; sourceTree = "<group>"; };
		6B2C66122BCA716E004DFB9A /* UITableView+Ext.swift */ = {isa = PBXFileReference; lastKnownFileType = sourcecode.swift; path = "UITableView+Ext.swift"; sourceTree = "<group>"; };
		6B2C66142BCA7175004DFB9A /* UITableViewCell+Ext.swift */ = {isa = PBXFileReference; lastKnownFileType = sourcecode.swift; path = "UITableViewCell+Ext.swift"; sourceTree = "<group>"; };
		6B2C66162BCA72F9004DFB9A /* FitRecordCollectionViewCell.swift */ = {isa = PBXFileReference; lastKnownFileType = sourcecode.swift; path = FitRecordCollectionViewCell.swift; sourceTree = "<group>"; };
		6B93EDF22BCAA7C6005AE9EF /* UICollectionView+Ext.swift */ = {isa = PBXFileReference; lastKnownFileType = sourcecode.swift; path = "UICollectionView+Ext.swift"; sourceTree = "<group>"; };
		6B93EDF42BCAA7CE005AE9EF /* UICollectionViewCell+Ext.swift */ = {isa = PBXFileReference; lastKnownFileType = sourcecode.swift; path = "UICollectionViewCell+Ext.swift"; sourceTree = "<group>"; };
		6B93EDF62BCAB0D0005AE9EF /* AddFitRecordViewController.swift */ = {isa = PBXFileReference; lastKnownFileType = sourcecode.swift; path = AddFitRecordViewController.swift; sourceTree = "<group>"; };
		6B93EDF82BCB3EC9005AE9EF /* UIColor+Ext.swift */ = {isa = PBXFileReference; lastKnownFileType = sourcecode.swift; path = "UIColor+Ext.swift"; sourceTree = "<group>"; };
		6B93EDFE2BCB5265005AE9EF /* UIViewController+showAlert.swift */ = {isa = PBXFileReference; lastKnownFileType = sourcecode.swift; path = "UIViewController+showAlert.swift"; sourceTree = "<group>"; };
		6B93EE012BCB5395005AE9EF /* CoreDataModel.xcdatamodel */ = {isa = PBXFileReference; lastKnownFileType = wrapper.xcdatamodel; path = CoreDataModel.xcdatamodel; sourceTree = "<group>"; };
		6B93EE032BCB53FE005AE9EF /* FitnessLogEntity.swift */ = {isa = PBXFileReference; lastKnownFileType = sourcecode.swift; name = FitnessLogEntity.swift; path = JTFitCalendar/Model/FitnessLogEntity.swift; sourceTree = SOURCE_ROOT; };
		6BFDDF4D2BCA5668001CA40E /* JTFitCalendar.app */ = {isa = PBXFileReference; explicitFileType = wrapper.application; includeInIndex = 0; path = JTFitCalendar.app; sourceTree = BUILT_PRODUCTS_DIR; };
		6BFDDF502BCA5668001CA40E /* AppDelegate.swift */ = {isa = PBXFileReference; lastKnownFileType = sourcecode.swift; path = AppDelegate.swift; sourceTree = "<group>"; };
		6BFDDF522BCA5668001CA40E /* SceneDelegate.swift */ = {isa = PBXFileReference; lastKnownFileType = sourcecode.swift; path = SceneDelegate.swift; sourceTree = "<group>"; };
		6BFDDF542BCA5668001CA40E /* MainTabBarController.swift */ = {isa = PBXFileReference; lastKnownFileType = sourcecode.swift; path = MainTabBarController.swift; sourceTree = "<group>"; };
		6BFDDF592BCA5669001CA40E /* Assets.xcassets */ = {isa = PBXFileReference; lastKnownFileType = folder.assetcatalog; path = Assets.xcassets; sourceTree = "<group>"; };
		6BFDDF5C2BCA5669001CA40E /* Base */ = {isa = PBXFileReference; lastKnownFileType = file.storyboard; name = Base; path = Base.lproj/LaunchScreen.storyboard; sourceTree = "<group>"; };
		6BFDDF5E2BCA5669001CA40E /* Info.plist */ = {isa = PBXFileReference; lastKnownFileType = text.plist.xml; path = Info.plist; sourceTree = "<group>"; };
		76303FE6D0CFFBC2D1D715DB /* Pods_JTFitCalendar.framework */ = {isa = PBXFileReference; explicitFileType = wrapper.framework; includeInIndex = 0; path = Pods_JTFitCalendar.framework; sourceTree = BUILT_PRODUCTS_DIR; };
/* End PBXFileReference section */

/* Begin PBXFrameworksBuildPhase section */
		6BFDDF4A2BCA5668001CA40E /* Frameworks */ = {
			isa = PBXFrameworksBuildPhase;
			buildActionMask = 2147483647;
			files = (
				F379926166487E705B355EB7 /* Pods_JTFitCalendar.framework in Frameworks */,
			);
			runOnlyForDeploymentPostprocessing = 0;
		};
/* End PBXFrameworksBuildPhase section */

/* Begin PBXGroup section */
		156BF16B3563E30432E978E1 /* Pods */ = {
			isa = PBXGroup;
			children = (
				08E3056F98F60D8AAF807D5B /* Pods-JTFitCalendar.debug.xcconfig */,
				2DCEDE8ABEB45D153C72C6C6 /* Pods-JTFitCalendar.release.xcconfig */,
			);
			path = Pods;
			sourceTree = "<group>";
		};
		6B2C66042BCA5BB2004DFB9A /* App */ = {
			isa = PBXGroup;
			children = (
				6BFDDF502BCA5668001CA40E /* AppDelegate.swift */,
				6BFDDF522BCA5668001CA40E /* SceneDelegate.swift */,
			);
			path = App;
			sourceTree = "<group>";
		};
		6B2C66052BCA5BC2004DFB9A /* Resources */ = {
			isa = PBXGroup;
			children = (
				6BFDDF592BCA5669001CA40E /* Assets.xcassets */,
				6BFDDF5B2BCA5669001CA40E /* LaunchScreen.storyboard */,
				6BFDDF5E2BCA5669001CA40E /* Info.plist */,
			);
			path = Resources;
			sourceTree = "<group>";
		};
		6B2C66062BCA5BC9004DFB9A /* Controller */ = {
			isa = PBXGroup;
			children = (
				6BFDDF542BCA5668001CA40E /* MainTabBarController.swift */,
				6B2C66082BCA5E11004DFB9A /* CalendarViewController.swift */,
				6B93EDF62BCAB0D0005AE9EF /* AddFitRecordViewController.swift */,
				6B2C660A2BCA5E2B004DFB9A /* FitListViewController.swift */,
				6B2C660C2BCA5E3C004DFB9A /* SettingsViewController.swift */,
			);
			path = Controller;
			sourceTree = "<group>";
		};
		6B2C660F2BCA7119004DFB9A /* Model */ = {
			isa = PBXGroup;
			children = (
				6B93EE032BCB53FE005AE9EF /* FitnessLogEntity.swift */,
				6B93EE002BCB5395005AE9EF /* CoreDataModel.xcdatamodeld */,
			);
			path = Model;
			sourceTree = "<group>";
		};
		6B2C66102BCA711E004DFB9A /* View */ = {
			isa = PBXGroup;
			children = (
				6B2C66162BCA72F9004DFB9A /* FitRecordCollectionViewCell.swift */,
			);
			path = View;
			sourceTree = "<group>";
		};
		6B2C66112BCA7163004DFB9A /* Extension */ = {
			isa = PBXGroup;
			children = (
				6B2C66122BCA716E004DFB9A /* UITableView+Ext.swift */,
				6B2C66142BCA7175004DFB9A /* UITableViewCell+Ext.swift */,
				6B93EDF22BCAA7C6005AE9EF /* UICollectionView+Ext.swift */,
				6B93EDF42BCAA7CE005AE9EF /* UICollectionViewCell+Ext.swift */,
				6B93EDF82BCB3EC9005AE9EF /* UIColor+Ext.swift */,
				6B93EDFE2BCB5265005AE9EF /* UIViewController+showAlert.swift */,
			);
			path = Extension;
			sourceTree = "<group>";
		};
		6BFDDF442BCA5668001CA40E = {
			isa = PBXGroup;
			children = (
				6BFDDF4F2BCA5668001CA40E /* JTFitCalendar */,
				6BFDDF4E2BCA5668001CA40E /* Products */,
				156BF16B3563E30432E978E1 /* Pods */,
				F80FC9E9DE8C202759FA5391 /* Frameworks */,
			);
			sourceTree = "<group>";
		};
		6BFDDF4E2BCA5668001CA40E /* Products */ = {
			isa = PBXGroup;
			children = (
				6BFDDF4D2BCA5668001CA40E /* JTFitCalendar.app */,
			);
			name = Products;
			sourceTree = "<group>";
		};
		6BFDDF4F2BCA5668001CA40E /* JTFitCalendar */ = {
			isa = PBXGroup;
			children = (
				6B2C66042BCA5BB2004DFB9A /* App */,
				6B2C660F2BCA7119004DFB9A /* Model */,
				6B2C66102BCA711E004DFB9A /* View */,
				6B2C66062BCA5BC9004DFB9A /* Controller */,
				6B2C66112BCA7163004DFB9A /* Extension */,
				6B2C66052BCA5BC2004DFB9A /* Resources */,
			);
			path = JTFitCalendar;
			sourceTree = "<group>";
		};
		F80FC9E9DE8C202759FA5391 /* Frameworks */ = {
			isa = PBXGroup;
			children = (
				76303FE6D0CFFBC2D1D715DB /* Pods_JTFitCalendar.framework */,
			);
			name = Frameworks;
			sourceTree = "<group>";
		};
/* End PBXGroup section */

/* Begin PBXNativeTarget section */
		6BFDDF4C2BCA5668001CA40E /* JTFitCalendar */ = {
			isa = PBXNativeTarget;
			buildConfigurationList = 6BFDDF612BCA5669001CA40E /* Build configuration list for PBXNativeTarget "JTFitCalendar" */;
			buildPhases = (
				289240F52331A954766071E3 /* [CP] Check Pods Manifest.lock */,
				6BFDDF492BCA5668001CA40E /* Sources */,
				6BFDDF4A2BCA5668001CA40E /* Frameworks */,
				6BFDDF4B2BCA5668001CA40E /* Resources */,
				7D52F374DF4F06F9E76725B8 /* [CP] Embed Pods Frameworks */,
			);
			buildRules = (
			);
			dependencies = (
			);
			name = JTFitCalendar;
			productName = JTFitCalendar;
			productReference = 6BFDDF4D2BCA5668001CA40E /* JTFitCalendar.app */;
			productType = "com.apple.product-type.application";
		};
/* End PBXNativeTarget section */

/* Begin PBXProject section */
		6BFDDF452BCA5668001CA40E /* Project object */ = {
			isa = PBXProject;
			attributes = {
				BuildIndependentTargetsInParallel = 1;
				LastSwiftUpdateCheck = 1530;
				LastUpgradeCheck = 1530;
				TargetAttributes = {
					6BFDDF4C2BCA5668001CA40E = {
						CreatedOnToolsVersion = 15.3;
					};
				};
			};
			buildConfigurationList = 6BFDDF482BCA5668001CA40E /* Build configuration list for PBXProject "JTFitCalendar" */;
			compatibilityVersion = "Xcode 14.0";
			developmentRegion = ko;
			hasScannedForEncodings = 0;
			knownRegions = (
				Base,
				ko,
			);
			mainGroup = 6BFDDF442BCA5668001CA40E;
			productRefGroup = 6BFDDF4E2BCA5668001CA40E /* Products */;
			projectDirPath = "";
			projectRoot = "";
			targets = (
				6BFDDF4C2BCA5668001CA40E /* JTFitCalendar */,
			);
		};
/* End PBXProject section */

/* Begin PBXResourcesBuildPhase section */
		6BFDDF4B2BCA5668001CA40E /* Resources */ = {
			isa = PBXResourcesBuildPhase;
			buildActionMask = 2147483647;
			files = (
				6BFDDF5A2BCA5669001CA40E /* Assets.xcassets in Resources */,
				6BFDDF5D2BCA5669001CA40E /* Base in Resources */,
			);
			runOnlyForDeploymentPostprocessing = 0;
		};
/* End PBXResourcesBuildPhase section */

/* Begin PBXShellScriptBuildPhase section */
		289240F52331A954766071E3 /* [CP] Check Pods Manifest.lock */ = {
			isa = PBXShellScriptBuildPhase;
			buildActionMask = 2147483647;
			files = (
			);
			inputFileListPaths = (
			);
			inputPaths = (
				"${PODS_PODFILE_DIR_PATH}/Podfile.lock",
				"${PODS_ROOT}/Manifest.lock",
			);
			name = "[CP] Check Pods Manifest.lock";
			outputFileListPaths = (
			);
			outputPaths = (
				"$(DERIVED_FILE_DIR)/Pods-JTFitCalendar-checkManifestLockResult.txt",
			);
			runOnlyForDeploymentPostprocessing = 0;
			shellPath = /bin/sh;
			shellScript = "diff \"${PODS_PODFILE_DIR_PATH}/Podfile.lock\" \"${PODS_ROOT}/Manifest.lock\" > /dev/null\nif [ $? != 0 ] ; then\n    # print error to STDERR\n    echo \"error: The sandbox is not in sync with the Podfile.lock. Run 'pod install' or update your CocoaPods installation.\" >&2\n    exit 1\nfi\n# This output is used by Xcode 'outputs' to avoid re-running this script phase.\necho \"SUCCESS\" > \"${SCRIPT_OUTPUT_FILE_0}\"\n";
			showEnvVarsInLog = 0;
		};
		7D52F374DF4F06F9E76725B8 /* [CP] Embed Pods Frameworks */ = {
			isa = PBXShellScriptBuildPhase;
			buildActionMask = 2147483647;
			files = (
			);
			inputFileListPaths = (
				"${PODS_ROOT}/Target Support Files/Pods-JTFitCalendar/Pods-JTFitCalendar-frameworks-${CONFIGURATION}-input-files.xcfilelist",
			);
			name = "[CP] Embed Pods Frameworks";
			outputFileListPaths = (
				"${PODS_ROOT}/Target Support Files/Pods-JTFitCalendar/Pods-JTFitCalendar-frameworks-${CONFIGURATION}-output-files.xcfilelist",
			);
			runOnlyForDeploymentPostprocessing = 0;
			shellPath = /bin/sh;
			shellScript = "\"${PODS_ROOT}/Target Support Files/Pods-JTFitCalendar/Pods-JTFitCalendar-frameworks.sh\"\n";
			showEnvVarsInLog = 0;
		};
/* End PBXShellScriptBuildPhase section */

/* Begin PBXSourcesBuildPhase section */
		6BFDDF492BCA5668001CA40E /* Sources */ = {
			isa = PBXSourcesBuildPhase;
			buildActionMask = 2147483647;
			files = (
				6BFDDF552BCA5668001CA40E /* MainTabBarController.swift in Sources */,
				6B93EDF52BCAA7CE005AE9EF /* UICollectionViewCell+Ext.swift in Sources */,
				6B2C66152BCA7175004DFB9A /* UITableViewCell+Ext.swift in Sources */,
				6B2C660B2BCA5E2B004DFB9A /* FitListViewController.swift in Sources */,
				6B93EDFF2BCB5265005AE9EF /* UIViewController+showAlert.swift in Sources */,
				6BFDDF512BCA5668001CA40E /* AppDelegate.swift in Sources */,
				6B93EDF32BCAA7C6005AE9EF /* UICollectionView+Ext.swift in Sources */,
				6B93EDF92BCB3EC9005AE9EF /* UIColor+Ext.swift in Sources */,
				6B93EE052BCB53FE005AE9EF /* FitnessLogEntity.swift in Sources */,
				6BFDDF532BCA5668001CA40E /* SceneDelegate.swift in Sources */,
				6B2C66172BCA72F9004DFB9A /* FitRecordCollectionViewCell.swift in Sources */,
				6B2C66132BCA716E004DFB9A /* UITableView+Ext.swift in Sources */,
				6B2C66092BCA5E11004DFB9A /* CalendarViewController.swift in Sources */,
				6B2C660D2BCA5E3C004DFB9A /* SettingsViewController.swift in Sources */,
				6B93EDF72BCAB0D0005AE9EF /* AddFitRecordViewController.swift in Sources */,
				6B93EE022BCB5395005AE9EF /* CoreDataModel.xcdatamodeld in Sources */,
			);
			runOnlyForDeploymentPostprocessing = 0;
		};
/* End PBXSourcesBuildPhase section */

/* Begin PBXVariantGroup section */
		6BFDDF5B2BCA5669001CA40E /* LaunchScreen.storyboard */ = {
			isa = PBXVariantGroup;
			children = (
				6BFDDF5C2BCA5669001CA40E /* Base */,
				6B2C660E2BCA65DC004DFB9A /* ko */,
			);
			name = LaunchScreen.storyboard;
			sourceTree = "<group>";
		};
/* End PBXVariantGroup section */

/* Begin XCBuildConfiguration section */
		6BFDDF5F2BCA5669001CA40E /* Debug */ = {
			isa = XCBuildConfiguration;
			buildSettings = {
				ALWAYS_SEARCH_USER_PATHS = NO;
				ASSETCATALOG_COMPILER_GENERATE_SWIFT_ASSET_SYMBOL_EXTENSIONS = YES;
				CLANG_ANALYZER_LOCALIZABILITY_NONLOCALIZED = YES;
				CLANG_ANALYZER_NONNULL = YES;
				CLANG_ANALYZER_NUMBER_OBJECT_CONVERSION = YES_AGGRESSIVE;
				CLANG_CXX_LANGUAGE_STANDARD = "gnu++20";
				CLANG_ENABLE_MODULES = YES;
				CLANG_ENABLE_OBJC_ARC = YES;
				CLANG_ENABLE_OBJC_WEAK = YES;
				CLANG_WARN_BLOCK_CAPTURE_AUTORELEASING = YES;
				CLANG_WARN_BOOL_CONVERSION = YES;
				CLANG_WARN_COMMA = YES;
				CLANG_WARN_CONSTANT_CONVERSION = YES;
				CLANG_WARN_DEPRECATED_OBJC_IMPLEMENTATIONS = YES;
				CLANG_WARN_DIRECT_OBJC_ISA_USAGE = YES_ERROR;
				CLANG_WARN_DOCUMENTATION_COMMENTS = YES;
				CLANG_WARN_EMPTY_BODY = YES;
				CLANG_WARN_ENUM_CONVERSION = YES;
				CLANG_WARN_INFINITE_RECURSION = YES;
				CLANG_WARN_INT_CONVERSION = YES;
				CLANG_WARN_NON_LITERAL_NULL_CONVERSION = YES;
				CLANG_WARN_OBJC_IMPLICIT_RETAIN_SELF = YES;
				CLANG_WARN_OBJC_LITERAL_CONVERSION = YES;
				CLANG_WARN_OBJC_ROOT_CLASS = YES_ERROR;
				CLANG_WARN_QUOTED_INCLUDE_IN_FRAMEWORK_HEADER = YES;
				CLANG_WARN_RANGE_LOOP_ANALYSIS = YES;
				CLANG_WARN_STRICT_PROTOTYPES = YES;
				CLANG_WARN_SUSPICIOUS_MOVE = YES;
				CLANG_WARN_UNGUARDED_AVAILABILITY = YES_AGGRESSIVE;
				CLANG_WARN_UNREACHABLE_CODE = YES;
				CLANG_WARN__DUPLICATE_METHOD_MATCH = YES;
				COPY_PHASE_STRIP = NO;
				DEBUG_INFORMATION_FORMAT = dwarf;
				ENABLE_STRICT_OBJC_MSGSEND = YES;
				ENABLE_TESTABILITY = YES;
				ENABLE_USER_SCRIPT_SANDBOXING = NO;
				GCC_C_LANGUAGE_STANDARD = gnu17;
				GCC_DYNAMIC_NO_PIC = NO;
				GCC_NO_COMMON_BLOCKS = YES;
				GCC_OPTIMIZATION_LEVEL = 0;
				GCC_PREPROCESSOR_DEFINITIONS = (
					"DEBUG=1",
					"$(inherited)",
				);
				GCC_WARN_64_TO_32_BIT_CONVERSION = YES;
				GCC_WARN_ABOUT_RETURN_TYPE = YES_ERROR;
				GCC_WARN_UNDECLARED_SELECTOR = YES;
				GCC_WARN_UNINITIALIZED_AUTOS = YES_AGGRESSIVE;
				GCC_WARN_UNUSED_FUNCTION = YES;
				GCC_WARN_UNUSED_VARIABLE = YES;
				IPHONEOS_DEPLOYMENT_TARGET = 17.4;
				LOCALIZATION_PREFERS_STRING_CATALOGS = YES;
				MTL_ENABLE_DEBUG_INFO = INCLUDE_SOURCE;
				MTL_FAST_MATH = YES;
				ONLY_ACTIVE_ARCH = YES;
				SDKROOT = iphoneos;
				SWIFT_ACTIVE_COMPILATION_CONDITIONS = "DEBUG $(inherited)";
				SWIFT_OPTIMIZATION_LEVEL = "-Onone";
			};
			name = Debug;
		};
		6BFDDF602BCA5669001CA40E /* Release */ = {
			isa = XCBuildConfiguration;
			buildSettings = {
				ALWAYS_SEARCH_USER_PATHS = NO;
				ASSETCATALOG_COMPILER_GENERATE_SWIFT_ASSET_SYMBOL_EXTENSIONS = YES;
				CLANG_ANALYZER_LOCALIZABILITY_NONLOCALIZED = YES;
				CLANG_ANALYZER_NONNULL = YES;
				CLANG_ANALYZER_NUMBER_OBJECT_CONVERSION = YES_AGGRESSIVE;
				CLANG_CXX_LANGUAGE_STANDARD = "gnu++20";
				CLANG_ENABLE_MODULES = YES;
				CLANG_ENABLE_OBJC_ARC = YES;
				CLANG_ENABLE_OBJC_WEAK = YES;
				CLANG_WARN_BLOCK_CAPTURE_AUTORELEASING = YES;
				CLANG_WARN_BOOL_CONVERSION = YES;
				CLANG_WARN_COMMA = YES;
				CLANG_WARN_CONSTANT_CONVERSION = YES;
				CLANG_WARN_DEPRECATED_OBJC_IMPLEMENTATIONS = YES;
				CLANG_WARN_DIRECT_OBJC_ISA_USAGE = YES_ERROR;
				CLANG_WARN_DOCUMENTATION_COMMENTS = YES;
				CLANG_WARN_EMPTY_BODY = YES;
				CLANG_WARN_ENUM_CONVERSION = YES;
				CLANG_WARN_INFINITE_RECURSION = YES;
				CLANG_WARN_INT_CONVERSION = YES;
				CLANG_WARN_NON_LITERAL_NULL_CONVERSION = YES;
				CLANG_WARN_OBJC_IMPLICIT_RETAIN_SELF = YES;
				CLANG_WARN_OBJC_LITERAL_CONVERSION = YES;
				CLANG_WARN_OBJC_ROOT_CLASS = YES_ERROR;
				CLANG_WARN_QUOTED_INCLUDE_IN_FRAMEWORK_HEADER = YES;
				CLANG_WARN_RANGE_LOOP_ANALYSIS = YES;
				CLANG_WARN_STRICT_PROTOTYPES = YES;
				CLANG_WARN_SUSPICIOUS_MOVE = YES;
				CLANG_WARN_UNGUARDED_AVAILABILITY = YES_AGGRESSIVE;
				CLANG_WARN_UNREACHABLE_CODE = YES;
				CLANG_WARN__DUPLICATE_METHOD_MATCH = YES;
				COPY_PHASE_STRIP = NO;
				DEBUG_INFORMATION_FORMAT = "dwarf-with-dsym";
				ENABLE_NS_ASSERTIONS = NO;
				ENABLE_STRICT_OBJC_MSGSEND = YES;
				ENABLE_USER_SCRIPT_SANDBOXING = NO;
				GCC_C_LANGUAGE_STANDARD = gnu17;
				GCC_NO_COMMON_BLOCKS = YES;
				GCC_WARN_64_TO_32_BIT_CONVERSION = YES;
				GCC_WARN_ABOUT_RETURN_TYPE = YES_ERROR;
				GCC_WARN_UNDECLARED_SELECTOR = YES;
				GCC_WARN_UNINITIALIZED_AUTOS = YES_AGGRESSIVE;
				GCC_WARN_UNUSED_FUNCTION = YES;
				GCC_WARN_UNUSED_VARIABLE = YES;
				IPHONEOS_DEPLOYMENT_TARGET = 17.4;
				LOCALIZATION_PREFERS_STRING_CATALOGS = YES;
				MTL_ENABLE_DEBUG_INFO = NO;
				MTL_FAST_MATH = YES;
				SDKROOT = iphoneos;
				SWIFT_COMPILATION_MODE = wholemodule;
				VALIDATE_PRODUCT = YES;
			};
			name = Release;
		};
		6BFDDF622BCA5669001CA40E /* Debug */ = {
			isa = XCBuildConfiguration;
			baseConfigurationReference = 08E3056F98F60D8AAF807D5B /* Pods-JTFitCalendar.debug.xcconfig */;
			buildSettings = {
				ASSETCATALOG_COMPILER_APPICON_NAME = AppIcon;
				ASSETCATALOG_COMPILER_GLOBAL_ACCENT_COLOR_NAME = AccentColor;
				CODE_SIGN_STYLE = Automatic;
				CURRENT_PROJECT_VERSION = 1;
				DEVELOPMENT_TEAM = 8M99DT962T;
				GENERATE_INFOPLIST_FILE = YES;
				INFOPLIST_FILE = JTFitCalendar/Resources/Info.plist;
				INFOPLIST_KEY_UIApplicationSupportsIndirectInputEvents = YES;
				INFOPLIST_KEY_UILaunchStoryboardName = LaunchScreen;
				INFOPLIST_KEY_UISupportedInterfaceOrientations = UIInterfaceOrientationPortrait;
				INFOPLIST_KEY_UISupportedInterfaceOrientations_iPad = "UIInterfaceOrientationLandscapeLeft UIInterfaceOrientationLandscapeRight UIInterfaceOrientationPortrait UIInterfaceOrientationPortraitUpsideDown";
				IPHONEOS_DEPLOYMENT_TARGET = 15.0;
				LD_RUNPATH_SEARCH_PATHS = (
					"$(inherited)",
					"@executable_path/Frameworks",
				);
				MARKETING_VERSION = 1.0;
				PRODUCT_BUNDLE_IDENTIFIER = com.honeycoding.JTFitCalendar;
				PRODUCT_NAME = "$(TARGET_NAME)";
				SUPPORTED_PLATFORMS = "iphoneos iphonesimulator";
				SUPPORTS_MACCATALYST = NO;
				SUPPORTS_MAC_DESIGNED_FOR_IPHONE_IPAD = NO;
				SUPPORTS_XR_DESIGNED_FOR_IPHONE_IPAD = NO;
				SWIFT_EMIT_LOC_STRINGS = YES;
				SWIFT_VERSION = 5.0;
				TARGETED_DEVICE_FAMILY = 1;
			};
			name = Debug;
		};
		6BFDDF632BCA5669001CA40E /* Release */ = {
			isa = XCBuildConfiguration;
			baseConfigurationReference = 2DCEDE8ABEB45D153C72C6C6 /* Pods-JTFitCalendar.release.xcconfig */;
			buildSettings = {
				ASSETCATALOG_COMPILER_APPICON_NAME = AppIcon;
				ASSETCATALOG_COMPILER_GLOBAL_ACCENT_COLOR_NAME = AccentColor;
				CODE_SIGN_STYLE = Automatic;
				CURRENT_PROJECT_VERSION = 1;
				DEVELOPMENT_TEAM = 8M99DT962T;
				GENERATE_INFOPLIST_FILE = YES;
				INFOPLIST_FILE = JTFitCalendar/Resources/Info.plist;
				INFOPLIST_KEY_UIApplicationSupportsIndirectInputEvents = YES;
				INFOPLIST_KEY_UILaunchStoryboardName = LaunchScreen;
				INFOPLIST_KEY_UISupportedInterfaceOrientations = UIInterfaceOrientationPortrait;
				INFOPLIST_KEY_UISupportedInterfaceOrientations_iPad = "UIInterfaceOrientationLandscapeLeft UIInterfaceOrientationLandscapeRight UIInterfaceOrientationPortrait UIInterfaceOrientationPortraitUpsideDown";
				IPHONEOS_DEPLOYMENT_TARGET = 15.0;
				LD_RUNPATH_SEARCH_PATHS = (
					"$(inherited)",
					"@executable_path/Frameworks",
				);
				MARKETING_VERSION = 1.0;
				PRODUCT_BUNDLE_IDENTIFIER = com.honeycoding.JTFitCalendar;
				PRODUCT_NAME = "$(TARGET_NAME)";
				SUPPORTED_PLATFORMS = "iphoneos iphonesimulator";
				SUPPORTS_MACCATALYST = NO;
				SUPPORTS_MAC_DESIGNED_FOR_IPHONE_IPAD = NO;
				SUPPORTS_XR_DESIGNED_FOR_IPHONE_IPAD = NO;
				SWIFT_EMIT_LOC_STRINGS = YES;
				SWIFT_VERSION = 5.0;
				TARGETED_DEVICE_FAMILY = 1;
			};
			name = Release;
		};
/* End XCBuildConfiguration section */

/* Begin XCConfigurationList section */
		6BFDDF482BCA5668001CA40E /* Build configuration list for PBXProject "JTFitCalendar" */ = {
			isa = XCConfigurationList;
			buildConfigurations = (
				6BFDDF5F2BCA5669001CA40E /* Debug */,
				6BFDDF602BCA5669001CA40E /* Release */,
			);
			defaultConfigurationIsVisible = 0;
			defaultConfigurationName = Release;
		};
		6BFDDF612BCA5669001CA40E /* Build configuration list for PBXNativeTarget "JTFitCalendar" */ = {
			isa = XCConfigurationList;
			buildConfigurations = (
				6BFDDF622BCA5669001CA40E /* Debug */,
				6BFDDF632BCA5669001CA40E /* Release */,
			);
			defaultConfigurationIsVisible = 0;
			defaultConfigurationName = Release;
		};
/* End XCConfigurationList section */

/* Begin XCVersionGroup section */
		6B93EE002BCB5395005AE9EF /* CoreDataModel.xcdatamodeld */ = {
			isa = XCVersionGroup;
			children = (
				6B93EE012BCB5395005AE9EF /* CoreDataModel.xcdatamodel */,
			);
			currentVersion = 6B93EE012BCB5395005AE9EF /* CoreDataModel.xcdatamodel */;
			name = CoreDataModel.xcdatamodeld;
			path = /Users/jt/Desktop/Programming/Mobile/iOS/PersonalProject/JTFitCalendar/JTFitCalendar/Model/CoreDataModel.xcdatamodeld;
			sourceTree = "<group>";
			versionGroupType = wrapper.xcdatamodel;
		};
/* End XCVersionGroup section */
	};
	rootObject = 6BFDDF452BCA5668001CA40E /* Project object */;
}
